PODS:
  - Expecta (1.0.3)
  - Holarchy (0.1.0)
  - Masonry (0.6.2)
  - Specta (1.0.3)

DEPENDENCIES:
  - Expecta
  - Holarchy (from `../`)
  - Masonry
  - Specta

EXTERNAL SOURCES:
  Holarchy:
    :path: "../"

SPEC CHECKSUMS:
  Expecta: 9d1bff6c8b0eeee73a166a2ee898892478927a15
  Holarchy: cd1e557f8f6d247df90728b36a039bcf738e0c80
  Masonry: 362e8a1cc0beada4a4c4832d5e863da2a51533be
  Specta: cf3e4188cf35375c3ee2cd03f8db8f1f4ef98234

COCOAPODS: 0.37.2
